PODS:
  - Alamofire (4.9.1)
  - AlamofireImage (3.6.0):
    - Alamofire (~> 4.9)
  - SwiftHash (2.0.2)

DEPENDENCIES:
  - Alamofire
  - AlamofireImage
  - SwiftHash

SPEC REPOS:
  trunk:
    - Alamofire
    - AlamofireImage
    - SwiftHash

SPEC CHECKSUMS:
  Alamofire: 85e8a02c69d6020a0d734f6054870d7ecb75cf18
  AlamofireImage: be9963c6582d68b39e89191f64c82a7d7bf40fdd
  SwiftHash: 6d312abe61c8359bdef8d0093642f3a70b1c17ba

PODFILE CHECKSUM: c0eeb5ebaeb57722323093ce0b89e3387d59cde7

COCOAPODS: 1.8.4
