// !$*UTF8*$!
{
	archiveVersion = 1;
	classes = {
	};
	objectVersion = 51;
	objects = {

/* Begin PBXBuildFile section */
		22BF29089B875D3B6E4C1E03 /* Pods_MarvelApiApp.framework in Frameworks */ = {isa = PBXBuildFile; fileRef = 6430B7F74244CF023835B9A3 /* Pods_MarvelApiApp.framework */; };
		B5DFE8D823DA4C30002FD527 /* AppDelegate.swift in Sources */ = {isa = PBXBuildFile; fileRef = B5DFE8D723DA4C30002FD527 /* AppDelegate.swift */; };
		B5DFE8DA23DA4C30002FD527 /* CharactersListVC.swift in Sources */ = {isa = PBXBuildFile; fileRef = B5DFE8D923DA4C30002FD527 /* CharactersListVC.swift */; };
		B5DFE8DD23DA4C30002FD527 /* Main.storyboard in Resources */ = {isa = PBXBuildFile; fileRef = B5DFE8DB23DA4C30002FD527 /* Main.storyboard */; };
		B5DFE8DF23DA4C4D002FD527 /* Assets.xcassets in Resources */ = {isa = PBXBuildFile; fileRef = B5DFE8DE23DA4C4D002FD527 /* Assets.xcassets */; };
		B5DFE8E223DA4C4D002FD527 /* LaunchScreen.storyboard in Resources */ = {isa = PBXBuildFile; fileRef = B5DFE8E023DA4C4D002FD527 /* LaunchScreen.storyboard */; };
		B5DFE8EF23DAF871002FD527 /* MarvelApi.swift in Sources */ = {isa = PBXBuildFile; fileRef = B5DFE8EE23DAF871002FD527 /* MarvelApi.swift */; };
		B5DFE8F123DB27E3002FD527 /* Character.swift in Sources */ = {isa = PBXBuildFile; fileRef = B5DFE8F023DB27E3002FD527 /* Character.swift */; };
		B5DFE8F423DB486A002FD527 /* CharacterCell.swift in Sources */ = {isa = PBXBuildFile; fileRef = B5DFE8F323DB486A002FD527 /* CharacterCell.swift */; };
/* End PBXBuildFile section */

/* Begin PBXFileReference section */
		6430B7F74244CF023835B9A3 /* Pods_MarvelApiApp.framework */ = {isa = PBXFileReference; explicitFileType = wrapper.framework; includeInIndex = 0; path = Pods_MarvelApiApp.framework; sourceTree = BUILT_PRODUCTS_DIR; };
		77F8AC738B77560692A2FA58 /* Pods-MarvelApiApp.debug.xcconfig */ = {isa = PBXFileReference; includeInIndex = 1; lastKnownFileType = text.xcconfig; name = "Pods-MarvelApiApp.debug.xcconfig"; path = "Target Support Files/Pods-MarvelApiApp/Pods-MarvelApiApp.debug.xcconfig"; sourceTree = "<group>"; };
		9C6FFF2EAD12F1BEA8409D0B /* Pods-MarvelApiApp.release.xcconfig */ = {isa = PBXFileReference; includeInIndex = 1; lastKnownFileType = text.xcconfig; name = "Pods-MarvelApiApp.release.xcconfig"; path = "Target Support Files/Pods-MarvelApiApp/Pods-MarvelApiApp.release.xcconfig"; sourceTree = "<group>"; };
		B5DFE8D423DA4C30002FD527 /* MarvelApiApp.app */ = {isa = PBXFileReference; explicitFileType = wrapper.application; includeInIndex = 0; path = MarvelApiApp.app; sourceTree = BUILT_PRODUCTS_DIR; };
		B5DFE8D723DA4C30002FD527 /* AppDelegate.swift */ = {isa = PBXFileReference; lastKnownFileType = sourcecode.swift; path = AppDelegate.swift; sourceTree = "<group>"; };
		B5DFE8D923DA4C30002FD527 /* CharactersListVC.swift */ = {isa = PBXFileReference; lastKnownFileType = sourcecode.swift; path = CharactersListVC.swift; sourceTree = "<group>"; };
		B5DFE8DC23DA4C30002FD527 /* Base */ = {isa = PBXFileReference; lastKnownFileType = file.storyboard; name = Base; path = Base.lproj/Main.storyboard; sourceTree = "<group>"; };
		B5DFE8DE23DA4C4D002FD527 /* Assets.xcassets */ = {isa = PBXFileReference; lastKnownFileType = folder.assetcatalog; path = Assets.xcassets; sourceTree = "<group>"; };
		B5DFE8E123DA4C4D002FD527 /* Base */ = {isa = PBXFileReference; lastKnownFileType = file.storyboard; name = Base; path = Base.lproj/LaunchScreen.storyboard; sourceTree = "<group>"; };
		B5DFE8E323DA4C4D002FD527 /* Info.plist */ = {isa = PBXFileReference; lastKnownFileType = text.plist.xml; path = Info.plist; sourceTree = "<group>"; };
		B5DFE8EE23DAF871002FD527 /* MarvelApi.swift */ = {isa = PBXFileReference; lastKnownFileType = sourcecode.swift; path = MarvelApi.swift; sourceTree = "<group>"; };
		B5DFE8F023DB27E3002FD527 /* Character.swift */ = {isa = PBXFileReference; lastKnownFileType = sourcecode.swift; path = Character.swift; sourceTree = "<group>"; };
		B5DFE8F323DB486A002FD527 /* CharacterCell.swift */ = {isa = PBXFileReference; lastKnownFileType = sourcecode.swift; path = CharacterCell.swift; sourceTree = "<group>"; };
/* End PBXFileReference section */

/* Begin PBXFrameworksBuildPhase section */
		B5DFE8D123DA4C30002FD527 /* Frameworks */ = {
			isa = PBXFrameworksBuildPhase;
			buildActionMask = 2147483647;
			files = (
				22BF29089B875D3B6E4C1E03 /* Pods_MarvelApiApp.framework in Frameworks */,
			);
			runOnlyForDeploymentPostprocessing = 0;
		};
/* End PBXFrameworksBuildPhase section */

/* Begin PBXGroup section */
		41415B6BA7565146481CE210 /* Pods */ = {
			isa = PBXGroup;
			children = (
				77F8AC738B77560692A2FA58 /* Pods-MarvelApiApp.debug.xcconfig */,
				9C6FFF2EAD12F1BEA8409D0B /* Pods-MarvelApiApp.release.xcconfig */,
			);
			path = Pods;
			sourceTree = "<group>";
		};
		6A918B6AD52EEB9FF6B8AE35 /* Frameworks */ = {
			isa = PBXGroup;
			children = (
				6430B7F74244CF023835B9A3 /* Pods_MarvelApiApp.framework */,
			);
			name = Frameworks;
			sourceTree = "<group>";
		};
		B5DFE8CB23DA4C30002FD527 = {
			isa = PBXGroup;
			children = (
				B5DFE8D623DA4C30002FD527 /* MarvelApiApp */,
				B5DFE8D523DA4C30002FD527 /* Products */,
				41415B6BA7565146481CE210 /* Pods */,
				6A918B6AD52EEB9FF6B8AE35 /* Frameworks */,
			);
			sourceTree = "<group>";
		};
		B5DFE8D523DA4C30002FD527 /* Products */ = {
			isa = PBXGroup;
			children = (
				B5DFE8D423DA4C30002FD527 /* MarvelApiApp.app */,
			);
			name = Products;
			sourceTree = "<group>";
		};
		B5DFE8D623DA4C30002FD527 /* MarvelApiApp */ = {
			isa = PBXGroup;
			children = (
				B5DFE8ED23DA500A002FD527 /* Supporting Files */,
				B5DFE8EC23DA5002002FD527 /* Services */,
				B5DFE8EB23DA4FFC002FD527 /* Views */,
				B5DFE8EA23DA4FF3002FD527 /* Controllers */,
				B5DFE8E923DA4FE4002FD527 /* Models */,
			);
			path = MarvelApiApp;
			sourceTree = "<group>";
		};
		B5DFE8E923DA4FE4002FD527 /* Models */ = {
			isa = PBXGroup;
			children = (
				B5DFE8F023DB27E3002FD527 /* Character.swift */,
			);
			path = Models;
			sourceTree = "<group>";
		};
		B5DFE8EA23DA4FF3002FD527 /* Controllers */ = {
			isa = PBXGroup;
			children = (
				B5DFE8D723DA4C30002FD527 /* AppDelegate.swift */,
				B5DFE8D923DA4C30002FD527 /* CharactersListVC.swift */,
			);
			path = Controllers;
			sourceTree = "<group>";
		};
		B5DFE8EB23DA4FFC002FD527 /* Views */ = {
			isa = PBXGroup;
			children = (
				B5DFE8F223DB4842002FD527 /* Cells */,
				B5DFE8DB23DA4C30002FD527 /* Main.storyboard */,
				B5DFE8E023DA4C4D002FD527 /* LaunchScreen.storyboard */,
			);
			path = Views;
			sourceTree = "<group>";
		};
		B5DFE8EC23DA5002002FD527 /* Services */ = {
			isa = PBXGroup;
			children = (
				B5DFE8EE23DAF871002FD527 /* MarvelApi.swift */,
			);
			path = Services;
			sourceTree = "<group>";
		};
		B5DFE8ED23DA500A002FD527 /* Supporting Files */ = {
			isa = PBXGroup;
			children = (
				B5DFE8E323DA4C4D002FD527 /* Info.plist */,
				B5DFE8DE23DA4C4D002FD527 /* Assets.xcassets */,
			);
			path = "Supporting Files";
			sourceTree = "<group>";
		};
		B5DFE8F223DB4842002FD527 /* Cells */ = {
			isa = PBXGroup;
			children = (
				B5DFE8F323DB486A002FD527 /* CharacterCell.swift */,
			);
			path = Cells;
			sourceTree = "<group>";
		};
/* End PBXGroup section */

/* Begin PBXNativeTarget section */
		B5DFE8D323DA4C30002FD527 /* MarvelApiApp */ = {
			isa = PBXNativeTarget;
			buildConfigurationList = B5DFE8E623DA4C4D002FD527 /* Build configuration list for PBXNativeTarget "MarvelApiApp" */;
			buildPhases = (
				FDAEFBB1ABE5FDC52547EB08 /* [CP] Check Pods Manifest.lock */,
				B5DFE8D023DA4C30002FD527 /* Sources */,
				B5DFE8D123DA4C30002FD527 /* Frameworks */,
				B5DFE8D223DA4C30002FD527 /* Resources */,
				09AB70238A752B344B82DB77 /* [CP] Embed Pods Frameworks */,
			);
			buildRules = (
			);
			dependencies = (
			);
			name = MarvelApiApp;
			productName = MarvelApiApp;
			productReference = B5DFE8D423DA4C30002FD527 /* MarvelApiApp.app */;
			productType = "com.apple.product-type.application";
		};
/* End PBXNativeTarget section */

/* Begin PBXProject section */
		B5DFE8CC23DA4C30002FD527 /* Project object */ = {
			isa = PBXProject;
			attributes = {
				LastSwiftUpdateCheck = 1030;
				LastUpgradeCheck = 1030;
				ORGANIZATIONNAME = tarek;
				TargetAttributes = {
					B5DFE8D323DA4C30002FD527 = {
						CreatedOnToolsVersion = 10.3;
					};
				};
			};
			buildConfigurationList = B5DFE8CF23DA4C30002FD527 /* Build configuration list for PBXProject "MarvelApiApp" */;
			compatibilityVersion = "Xcode 9.3";
			developmentRegion = en;
			hasScannedForEncodings = 0;
			knownRegions = (
				en,
				Base,
			);
			mainGroup = B5DFE8CB23DA4C30002FD527;
			productRefGroup = B5DFE8D523DA4C30002FD527 /* Products */;
			projectDirPath = "";
			projectRoot = "";
			targets = (
				B5DFE8D323DA4C30002FD527 /* MarvelApiApp */,
			);
		};
/* End PBXProject section */

/* Begin PBXResourcesBuildPhase section */
		B5DFE8D223DA4C30002FD527 /* Resources */ = {
			isa = PBXResourcesBuildPhase;
			buildActionMask = 2147483647;
			files = (
				B5DFE8E223DA4C4D002FD527 /* LaunchScreen.storyboard in Resources */,
				B5DFE8DF23DA4C4D002FD527 /* Assets.xcassets in Resources */,
				B5DFE8DD23DA4C30002FD527 /* Main.storyboard in Resources */,
			);
			runOnlyForDeploymentPostprocessing = 0;
		};
/* End PBXResourcesBuildPhase section */

/* Begin PBXShellScriptBuildPhase section */
		09AB70238A752B344B82DB77 /* [CP] Embed Pods Frameworks */ = {
			isa = PBXShellScriptBuildPhase;
			buildActionMask = 2147483647;
			files = (
			);
			inputFileListPaths = (
				"${PODS_ROOT}/Target Support Files/Pods-MarvelApiApp/Pods-MarvelApiApp-frameworks-${CONFIGURATION}-input-files.xcfilelist",
			);
			name = "[CP] Embed Pods Frameworks";
			outputFileListPaths = (
				"${PODS_ROOT}/Target Support Files/Pods-MarvelApiApp/Pods-MarvelApiApp-frameworks-${CONFIGURATION}-output-files.xcfilelist",
			);
			runOnlyForDeploymentPostprocessing = 0;
			shellPath = /bin/sh;
			shellScript = "\"${PODS_ROOT}/Target Support Files/Pods-MarvelApiApp/Pods-MarvelApiApp-frameworks.sh\"\n";
			showEnvVarsInLog = 0;
		};
		FDAEFBB1ABE5FDC52547EB08 /* [CP] Check Pods Manifest.lock */ = {
			isa = PBXShellScriptBuildPhase;
			buildActionMask = 2147483647;
			files = (
			);
			inputFileListPaths = (
			);
			inputPaths = (
				"${PODS_PODFILE_DIR_PATH}/Podfile.lock",
				"${PODS_ROOT}/Manifest.lock",
			);
			name = "[CP] Check Pods Manifest.lock";
			outputFileListPaths = (
			);
			outputPaths = (
				"$(DERIVED_FILE_DIR)/Pods-MarvelApiApp-checkManifestLockResult.txt",
			);
			runOnlyForDeploymentPostprocessing = 0;
			shellPath = /bin/sh;
			shellScript = "diff \"${PODS_PODFILE_DIR_PATH}/Podfile.lock\" \"${PODS_ROOT}/Manifest.lock\" > /dev/null\nif [ $? != 0 ] ; then\n    # print error to STDERR\n    echo \"error: The sandbox is not in sync with the Podfile.lock. Run 'pod install' or update your CocoaPods installation.\" >&2\n    exit 1\nfi\n# This output is used by Xcode 'outputs' to avoid re-running this script phase.\necho \"SUCCESS\" > \"${SCRIPT_OUTPUT_FILE_0}\"\n";
			showEnvVarsInLog = 0;
		};
/* End PBXShellScriptBuildPhase section */

/* Begin PBXSourcesBuildPhase section */
		B5DFE8D023DA4C30002FD527 /* Sources */ = {
			isa = PBXSourcesBuildPhase;
			buildActionMask = 2147483647;
			files = (
				B5DFE8F423DB486A002FD527 /* CharacterCell.swift in Sources */,
				B5DFE8EF23DAF871002FD527 /* MarvelApi.swift in Sources */,
				B5DFE8DA23DA4C30002FD527 /* CharactersListVC.swift in Sources */,
				B5DFE8D823DA4C30002FD527 /* AppDelegate.swift in Sources */,
				B5DFE8F123DB27E3002FD527 /* Character.swift in Sources */,
			);
			runOnlyForDeploymentPostprocessing = 0;
		};
/* End PBXSourcesBuildPhase section */

/* Begin PBXVariantGroup section */
		B5DFE8DB23DA4C30002FD527 /* Main.storyboard */ = {
			isa = PBXVariantGroup;
			children = (
				B5DFE8DC23DA4C30002FD527 /* Base */,
			);
			name = Main.storyboard;
			sourceTree = "<group>";
		};
		B5DFE8E023DA4C4D002FD527 /* LaunchScreen.storyboard */ = {
			isa = PBXVariantGroup;
			children = (
				B5DFE8E123DA4C4D002FD527 /* Base */,
			);
			name = LaunchScreen.storyboard;
			sourceTree = "<group>";
		};
/* End PBXVariantGroup section */

/* Begin XCBuildConfiguration section */
		B5DFE8E423DA4C4D002FD527 /* Debug */ = {
			isa = XCBuildConfiguration;
			buildSettings = {
				ALWAYS_SEARCH_USER_PATHS = NO;
				CLANG_ANALYZER_NONNULL = YES;
				CLANG_ANALYZER_NUMBER_OBJECT_CONVERSION = YES_AGGRESSIVE;
				CLANG_CXX_LANGUAGE_STANDARD = "gnu++14";
				CLANG_CXX_LIBRARY = "libc++";
				CLANG_ENABLE_MODULES = YES;
				CLANG_ENABLE_OBJC_ARC = YES;
				CLANG_ENABLE_OBJC_WEAK = YES;
				CLANG_WARN_BLOCK_CAPTURE_AUTORELEASING = YES;
				CLANG_WARN_BOOL_CONVERSION = YES;
				CLANG_WARN_COMMA = YES;
				CLANG_WARN_CONSTANT_CONVERSION = YES;
				CLANG_WARN_DEPRECATED_OBJC_IMPLEMENTATIONS = YES;
				CLANG_WARN_DIRECT_OBJC_ISA_USAGE = YES_ERROR;
				CLANG_WARN_DOCUMENTATION_COMMENTS = YES;
				CLANG_WARN_EMPTY_BODY = YES;
				CLANG_WARN_ENUM_CONVERSION = YES;
				CLANG_WARN_INFINITE_RECURSION = YES;
				CLANG_WARN_INT_CONVERSION = YES;
				CLANG_WARN_NON_LITERAL_NULL_CONVERSION = YES;
				CLANG_WARN_OBJC_IMPLICIT_RETAIN_SELF = YES;
				CLANG_WARN_OBJC_LITERAL_CONVERSION = YES;
				CLANG_WARN_OBJC_ROOT_CLASS = YES_ERROR;
				CLANG_WARN_RANGE_LOOP_ANALYSIS = YES;
				CLANG_WARN_STRICT_PROTOTYPES = YES;
				CLANG_WARN_SUSPICIOUS_MOVE = YES;
				CLANG_WARN_UNGUARDED_AVAILABILITY = YES_AGGRESSIVE;
				CLANG_WARN_UNREACHABLE_CODE = YES;
				CLANG_WARN__DUPLICATE_METHOD_MATCH = YES;
				CODE_SIGN_IDENTITY = "iPhone Developer";
				COPY_PHASE_STRIP = NO;
				DEBUG_INFORMATION_FORMAT = dwarf;
				ENABLE_STRICT_OBJC_MSGSEND = YES;
				ENABLE_TESTABILITY = YES;
				GCC_C_LANGUAGE_STANDARD = gnu11;
				GCC_DYNAMIC_NO_PIC = NO;
				GCC_NO_COMMON_BLOCKS = YES;
				GCC_OPTIMIZATION_LEVEL = 0;
				GCC_PREPROCESSOR_DEFINITIONS = (
					"DEBUG=1",
					"$(inherited)",
				);
				GCC_WARN_64_TO_32_BIT_CONVERSION = YES;
				GCC_WARN_ABOUT_RETURN_TYPE = YES_ERROR;
				GCC_WARN_UNDECLARED_SELECTOR = YES;
				GCC_WARN_UNINITIALIZED_AUTOS = YES_AGGRESSIVE;
				GCC_WARN_UNUSED_FUNCTION = YES;
				GCC_WARN_UNUSED_VARIABLE = YES;
				IPHONEOS_DEPLOYMENT_TARGET = 12.4;
				MTL_ENABLE_DEBUG_INFO = INCLUDE_SOURCE;
				MTL_FAST_MATH = YES;
				ONLY_ACTIVE_ARCH = YES;
				SDKROOT = iphoneos;
				SWIFT_ACTIVE_COMPILATION_CONDITIONS = DEBUG;
				SWIFT_OPTIMIZATION_LEVEL = "-Onone";
			};
			name = Debug;
		};
		B5DFE8E523DA4C4D002FD527 /* Release */ = {
			isa = XCBuildConfiguration;
			buildSettings = {
				ALWAYS_SEARCH_USER_PATHS = NO;
				CLANG_ANALYZER_NONNULL = YES;
				CLANG_ANALYZER_NUMBER_OBJECT_CONVERSION = YES_AGGRESSIVE;
				CLANG_CXX_LANGUAGE_STANDARD = "gnu++14";
				CLANG_CXX_LIBRARY = "libc++";
				CLANG_ENABLE_MODULES = YES;
				CLANG_ENABLE_OBJC_ARC = YES;
				CLANG_ENABLE_OBJC_WEAK = YES;
				CLANG_WARN_BLOCK_CAPTURE_AUTORELEASING = YES;
				CLANG_WARN_BOOL_CONVERSION = YES;
				CLANG_WARN_COMMA = YES;
				CLANG_WARN_CONSTANT_CONVERSION = YES;
				CLANG_WARN_DEPRECATED_OBJC_IMPLEMENTATIONS = YES;
				CLANG_WARN_DIRECT_OBJC_ISA_USAGE = YES_ERROR;
				CLANG_WARN_DOCUMENTATION_COMMENTS = YES;
				CLANG_WARN_EMPTY_BODY = YES;
				CLANG_WARN_ENUM_CONVERSION = YES;
				CLANG_WARN_INFINITE_RECURSION = YES;
				CLANG_WARN_INT_CONVERSION = YES;
				CLANG_WARN_NON_LITERAL_NULL_CONVERSION = YES;
				CLANG_WARN_OBJC_IMPLICIT_RETAIN_SELF = YES;
				CLANG_WARN_OBJC_LITERAL_CONVERSION = YES;
				CLANG_WARN_OBJC_ROOT_CLASS = YES_ERROR;
				CLANG_WARN_RANGE_LOOP_ANALYSIS = YES;
				CLANG_WARN_STRICT_PROTOTYPES = YES;
				CLANG_WARN_SUSPICIOUS_MOVE = YES;
				CLANG_WARN_UNGUARDED_AVAILABILITY = YES_AGGRESSIVE;
				CLANG_WARN_UNREACHABLE_CODE = YES;
				CLANG_WARN__DUPLICATE_METHOD_MATCH = YES;
				CODE_SIGN_IDENTITY = "iPhone Developer";
				COPY_PHASE_STRIP = NO;
				DEBUG_INFORMATION_FORMAT = "dwarf-with-dsym";
				ENABLE_NS_ASSERTIONS = NO;
				ENABLE_STRICT_OBJC_MSGSEND = YES;
				GCC_C_LANGUAGE_STANDARD = gnu11;
				GCC_NO_COMMON_BLOCKS = YES;
				GCC_WARN_64_TO_32_BIT_CONVERSION = YES;
				GCC_WARN_ABOUT_RETURN_TYPE = YES_ERROR;
				GCC_WARN_UNDECLARED_SELECTOR = YES;
				GCC_WARN_UNINITIALIZED_AUTOS = YES_AGGRESSIVE;
				GCC_WARN_UNUSED_FUNCTION = YES;
				GCC_WARN_UNUSED_VARIABLE = YES;
				IPHONEOS_DEPLOYMENT_TARGET = 12.4;
				MTL_ENABLE_DEBUG_INFO = NO;
				MTL_FAST_MATH = YES;
				SDKROOT = iphoneos;
				SWIFT_COMPILATION_MODE = wholemodule;
				SWIFT_OPTIMIZATION_LEVEL = "-O";
				VALIDATE_PRODUCT = YES;
			};
			name = Release;
		};
		B5DFE8E723DA4C4D002FD527 /* Debug */ = {
			isa = XCBuildConfiguration;
			baseConfigurationReference = 77F8AC738B77560692A2FA58 /* Pods-MarvelApiApp.debug.xcconfig */;
			buildSettings = {
				ASSETCATALOG_COMPILER_APPICON_NAME = AppIcon;
				CODE_SIGN_STYLE = Automatic;
				INFOPLIST_FILE = "$(SRCROOT)/MarvelApiApp/Supporting Files/Info.plist";
				LD_RUNPATH_SEARCH_PATHS = (
					"$(inherited)",
					"@executable_path/Frameworks",
				);
				PRODUCT_BUNDLE_IDENTIFIER = com.example.MarvelApiApp;
				PRODUCT_NAME = "$(TARGET_NAME)";
				SWIFT_VERSION = 5.0;
				TARGETED_DEVICE_FAMILY = "1,2";
			};
			name = Debug;
		};
		B5DFE8E823DA4C4D002FD527 /* Release */ = {
			isa = XCBuildConfiguration;
			baseConfigurationReference = 9C6FFF2EAD12F1BEA8409D0B /* Pods-MarvelApiApp.release.xcconfig */;
			buildSettings = {
				ASSETCATALOG_COMPILER_APPICON_NAME = AppIcon;
				CODE_SIGN_STYLE = Automatic;
				INFOPLIST_FILE = "$(SRCROOT)/MarvelApiApp/Supporting Files/Info.plist";
				LD_RUNPATH_SEARCH_PATHS = (
					"$(inherited)",
					"@executable_path/Frameworks",
				);
				PRODUCT_BUNDLE_IDENTIFIER = com.example.MarvelApiApp;
				PRODUCT_NAME = "$(TARGET_NAME)";
				SWIFT_VERSION = 5.0;
				TARGETED_DEVICE_FAMILY = "1,2";
			};
			name = Release;
		};
/* End XCBuildConfiguration section */

/* Begin XCConfigurationList section */
		B5DFE8CF23DA4C30002FD527 /* Build configuration list for PBXProject "MarvelApiApp" */ = {
			isa = XCConfigurationList;
			buildConfigurations = (
				B5DFE8E423DA4C4D002FD527 /* Debug */,
				B5DFE8E523DA4C4D002FD527 /* Release */,
			);
			defaultConfigurationIsVisible = 0;
			defaultConfigurationName = Release;
		};
		B5DFE8E623DA4C4D002FD527 /* Build configuration list for PBXNativeTarget "MarvelApiApp" */ = {
			isa = XCConfigurationList;
			buildConfigurations = (
				B5DFE8E723DA4C4D002FD527 /* Debug */,
				B5DFE8E823DA4C4D002FD527 /* Release */,
			);
			defaultConfigurationIsVisible = 0;
			defaultConfigurationName = Release;
		};
/* End XCConfigurationList section */
	};
	rootObject = B5DFE8CC23DA4C30002FD527 /* Project object */;
}
